
Microsoft Visual Studio Solution File, Format Version 12.00
# Visual Studio Version 17
VisualStudioVersion = 17.14.37111.16 d17.14
MinimumVisualStudioVersion = 10.0.40219.1
Project("{FAE04EC0-301F-11D3-BF4B-00C04F79EFBC}") = "Test", "Test.csproj", "{701DBD25-1ADE-4F28-A0C0-BBCC656BC8CB}"
EndProject
Global
	GlobalSection(SolutionConfigurationPlatforms) = preSolution
		Debug|Any CPU = Debug|Any CPU
		Release|Any CPU = Release|Any CPU
	EndGlobalSection
	GlobalSection(ProjectConfigurationPlatforms) = postSolution
		{701DBD25-1ADE-4F28-A0C0-BBCC656BC8CB}.Debug|Any CPU.ActiveCfg = Debug|Any CPU
		{701DBD25-1ADE-4F28-A0C0-BBCC656BC8CB}.Debug|Any CPU.Build.0 = Debug|Any CPU
		{701DBD25-1ADE-4F28-A0C0-BBCC656BC8CB}.Release|Any CPU.ActiveCfg = Release|Any CPU
		{701DBD25-1ADE-4F28-A0C0-BBCC656BC8CB}.Release|Any CPU.Build.0 = Release|Any CPU
	EndGlobalSection
	GlobalSection(SolutionProperties) = preSolution
		HideSolutionNode = FALSE
	EndGlobalSection
	GlobalSection(ExtensibilityGlobals) = postSolution
		SolutionGuid = {DAA7C03C-84DA-47C7-A299-4B735FDF5B88}
	EndGlobalSection
EndGlobal
